
Microsoft Visual Studio Solution File, Format Version 12.00
# Visual Studio Version 17
VisualStudioVersion = 17.3.32929.385
MinimumVisualStudioVersion = 10.0.40219.1
Project("{9A19103F-16F7-4668-BE54-9A1E7A4F7556}") = "01.Reverse_String", "01.Reverse_String\01.Reverse_String.csproj", "{D47B801F-8C0C-463A-A304-2172E20AF411}"
EndProject
Project("{9A19103F-16F7-4668-BE54-9A1E7A4F7556}") = "02._Fit_String_in_20 Chars", "02._Fit_String_in_20 Chars\02._Fit_String_in_20 Chars.csproj", "{9BB67032-9DEA-43DF-8591-97A7F52385B2}"
EndProject
Project("{9A19103F-16F7-4668-BE54-9A1E7A4F7556}") = "03.Censor_Your_Email_Address", "03.Censor_Your_Email_Address\03.Censor_Your_Email_Address.csproj", "{7ADC4F20-17F1-4329-ADE7-07095ADB6BC3}"
EndProject
Project("{9A19103F-16F7-4668-BE54-9A1E7A4F7556}") = "04.Extract_Sentences_Keyword", "04.Extract_Sentences_Keyword\04.Extract_Sentences_Keyword.csproj", "{28792CDE-8EE4-4417-81EC-3F6868D9DE55}"
EndProject
Project("{9A19103F-16F7-4668-BE54-9A1E7A4F7556}") = "05.URL_Parser", "05.URL_Parser\05.URL_Parser.csproj", "{9AAE894B-DF57-4654-818E-3D74497042A1}"
EndProject
Project("{9A19103F-16F7-4668-BE54-9A1E7A4F7556}") = "06.ReverseTheWords", "06.ReverseTheWords\06.ReverseTheWords.csproj", "{9C9329FD-9648-4568-B899-8FF5FDAAC0C2}"
EndProject
Project("{FAE04EC0-301F-11D3-BF4B-00C04F79EFBC}") = "07.Change to Uppercase", "07.Change to Uppercase\07.Change to Uppercase.csproj", "{5DBC6A8C-D314-4A32-ACB0-B6DFE142B684}"
EndProject
Project("{FAE04EC0-301F-11D3-BF4B-00C04F79EFBC}") = "08.Palindromes", "08.Palindromes\08.Palindromes.csproj", "{2A6CFAD0-AC9C-456E-A7A1-8ACC0F05F0D6}"
EndProject
Project("{FAE04EC0-301F-11D3-BF4B-00C04F79EFBC}") = "09.Capitalization", "09.Capitalization\09.Capitalization.csproj", "{B7C60D22-47D1-4BBC-ACCC-D75E7924BD6C}"
EndProject
Project("{FAE04EC0-301F-11D3-BF4B-00C04F79EFBC}") = "10.Palindrome Index", "10.Palindrome Index\10.Palindrome Index.csproj", "{563202FC-AB42-4FBB-9F73-A8156EFBDA9B}"
EndProject
Project("{FAE04EC0-301F-11D3-BF4B-00C04F79EFBC}") = "11.Common Strings", "11.Common Strings\11.Common Strings.csproj", "{D7EDDF06-A3BB-40D3-9B71-A7BD450E4864}"
EndProject
Project("{FAE04EC0-301F-11D3-BF4B-00C04F79EFBC}") = "12.Phonebook", "12.Phonebook\12.Phonebook.csproj", "{80EDE724-6D7A-4FB3-9B43-728577F147CE}"
EndProject
Project("{FAE04EC0-301F-11D3-BF4B-00C04F79EFBC}") = "13.Phonebook Upgrade", "13.Phonebook Upgrade\13.Phonebook Upgrade.csproj", "{C79036F4-779B-425B-93F4-F6931E34EBCD}"
EndProject
Global
	GlobalSection(SolutionConfigurationPlatforms) = preSolution
		Debug|Any CPU = Debug|Any CPU
		Release|Any CPU = Release|Any CPU
	EndGlobalSection
	GlobalSection(ProjectConfigurationPlatforms) = postSolution
		{D47B801F-8C0C-463A-A304-2172E20AF411}.Debug|Any CPU.ActiveCfg = Debug|Any CPU
		{D47B801F-8C0C-463A-A304-2172E20AF411}.Debug|Any CPU.Build.0 = Debug|Any CPU
		{D47B801F-8C0C-463A-A304-2172E20AF411}.Release|Any CPU.ActiveCfg = Release|Any CPU
		{D47B801F-8C0C-463A-A304-2172E20AF411}.Release|Any CPU.Build.0 = Release|Any CPU
		{9BB67032-9DEA-43DF-8591-97A7F52385B2}.Debug|Any CPU.ActiveCfg = Debug|Any CPU
		{9BB67032-9DEA-43DF-8591-97A7F52385B2}.Debug|Any CPU.Build.0 = Debug|Any CPU
		{9BB67032-9DEA-43DF-8591-97A7F52385B2}.Release|Any CPU.ActiveCfg = Release|Any CPU
		{9BB67032-9DEA-43DF-8591-97A7F52385B2}.Release|Any CPU.Build.0 = Release|Any CPU
		{7ADC4F20-17F1-4329-ADE7-07095ADB6BC3}.Debug|Any CPU.ActiveCfg = Debug|Any CPU
		{7ADC4F20-17F1-4329-ADE7-07095ADB6BC3}.Debug|Any CPU.Build.0 = Debug|Any CPU
		{7ADC4F20-17F1-4329-ADE7-07095ADB6BC3}.Release|Any CPU.ActiveCfg = Release|Any CPU
		{7ADC4F20-17F1-4329-ADE7-07095ADB6BC3}.Release|Any CPU.Build.0 = Release|Any CPU
		{28792CDE-8EE4-4417-81EC-3F6868D9DE55}.Debug|Any CPU.ActiveCfg = Debug|Any CPU
		{28792CDE-8EE4-4417-81EC-3F6868D9DE55}.Debug|Any CPU.Build.0 = Debug|Any CPU
		{28792CDE-8EE4-4417-81EC-3F6868D9DE55}.Release|Any CPU.ActiveCfg = Release|Any CPU
		{28792CDE-8EE4-4417-81EC-3F6868D9DE55}.Release|Any CPU.Build.0 = Release|Any CPU
		{9AAE894B-DF57-4654-818E-3D74497042A1}.Debug|Any CPU.ActiveCfg = Debug|Any CPU
		{9AAE894B-DF57-4654-818E-3D74497042A1}.Debug|Any CPU.Build.0 = Debug|Any CPU
		{9AAE894B-DF57-4654-818E-3D74497042A1}.Release|Any CPU.ActiveCfg = Release|Any CPU
		{9AAE894B-DF57-4654-818E-3D74497042A1}.Release|Any CPU.Build.0 = Release|Any CPU
		{9C9329FD-9648-4568-B899-8FF5FDAAC0C2}.Debug|Any CPU.ActiveCfg = Debug|Any CPU
		{9C9329FD-9648-4568-B899-8FF5FDAAC0C2}.Debug|Any CPU.Build.0 = Debug|Any CPU
		{9C9329FD-9648-4568-B899-8FF5FDAAC0C2}.Release|Any CPU.ActiveCfg = Release|Any CPU
		{9C9329FD-9648-4568-B899-8FF5FDAAC0C2}.Release|Any CPU.Build.0 = Release|Any CPU
		{5DBC6A8C-D314-4A32-ACB0-B6DFE142B684}.Debug|Any CPU.ActiveCfg = Debug|Any CPU
		{5DBC6A8C-D314-4A32-ACB0-B6DFE142B684}.Debug|Any CPU.Build.0 = Debug|Any CPU
		{5DBC6A8C-D314-4A32-ACB0-B6DFE142B684}.Release|Any CPU.ActiveCfg = Release|Any CPU
		{5DBC6A8C-D314-4A32-ACB0-B6DFE142B684}.Release|Any CPU.Build.0 = Release|Any CPU
		{2A6CFAD0-AC9C-456E-A7A1-8ACC0F05F0D6}.Debug|Any CPU.ActiveCfg = Debug|Any CPU
		{2A6CFAD0-AC9C-456E-A7A1-8ACC0F05F0D6}.Debug|Any CPU.Build.0 = Debug|Any CPU
		{2A6CFAD0-AC9C-456E-A7A1-8ACC0F05F0D6}.Release|Any CPU.ActiveCfg = Release|Any CPU
		{2A6CFAD0-AC9C-456E-A7A1-8ACC0F05F0D6}.Release|Any CPU.Build.0 = Release|Any CPU
		{B7C60D22-47D1-4BBC-ACCC-D75E7924BD6C}.Debug|Any CPU.ActiveCfg = Debug|Any CPU
		{B7C60D22-47D1-4BBC-ACCC-D75E7924BD6C}.Debug|Any CPU.Build.0 = Debug|Any CPU
		{B7C60D22-47D1-4BBC-ACCC-D75E7924BD6C}.Release|Any CPU.ActiveCfg = Release|Any CPU
		{B7C60D22-47D1-4BBC-ACCC-D75E7924BD6C}.Release|Any CPU.Build.0 = Release|Any CPU
		{563202FC-AB42-4FBB-9F73-A8156EFBDA9B}.Debug|Any CPU.ActiveCfg = Debug|Any CPU
		{563202FC-AB42-4FBB-9F73-A8156EFBDA9B}.Debug|Any CPU.Build.0 = Debug|Any CPU
		{563202FC-AB42-4FBB-9F73-A8156EFBDA9B}.Release|Any CPU.ActiveCfg = Release|Any CPU
		{563202FC-AB42-4FBB-9F73-A8156EFBDA9B}.Release|Any CPU.Build.0 = Release|Any CPU
		{D7EDDF06-A3BB-40D3-9B71-A7BD450E4864}.Debug|Any CPU.ActiveCfg = Debug|Any CPU
		{D7EDDF06-A3BB-40D3-9B71-A7BD450E4864}.Debug|Any CPU.Build.0 = Debug|Any CPU
		{D7EDDF06-A3BB-40D3-9B71-A7BD450E4864}.Release|Any CPU.ActiveCfg = Release|Any CPU
		{D7EDDF06-A3BB-40D3-9B71-A7BD450E4864}.Release|Any CPU.Build.0 = Release|Any CPU
		{80EDE724-6D7A-4FB3-9B43-728577F147CE}.Debug|Any CPU.ActiveCfg = Debug|Any CPU
		{80EDE724-6D7A-4FB3-9B43-728577F147CE}.Debug|Any CPU.Build.0 = Debug|Any CPU
		{80EDE724-6D7A-4FB3-9B43-728577F147CE}.Release|Any CPU.ActiveCfg = Release|Any CPU
		{80EDE724-6D7A-4FB3-9B43-728577F147CE}.Release|Any CPU.Build.0 = Release|Any CPU
		{C79036F4-779B-425B-93F4-F6931E34EBCD}.Debug|Any CPU.ActiveCfg = Debug|Any CPU
		{C79036F4-779B-425B-93F4-F6931E34EBCD}.Debug|Any CPU.Build.0 = Debug|Any CPU
		{C79036F4-779B-425B-93F4-F6931E34EBCD}.Release|Any CPU.ActiveCfg = Release|Any CPU
		{C79036F4-779B-425B-93F4-F6931E34EBCD}.Release|Any CPU.Build.0 = Release|Any CPU
	EndGlobalSection
	GlobalSection(SolutionProperties) = preSolution
		HideSolutionNode = FALSE
	EndGlobalSection
	GlobalSection(ExtensibilityGlobals) = postSolution
		SolutionGuid = {D74A42EE-C712-4112-A886-560ED3A630A3}
	EndGlobalSection
EndGlobal
