
Microsoft Visual Studio Solution File, Format Version 12.00
# Visual Studio Version 17
VisualStudioVersion = 17.3.32922.545
MinimumVisualStudioVersion = 10.0.40219.1
Project("{9A19103F-16F7-4668-BE54-9A1E7A4F7556}") = "02.Multiple Implementation", "02.Multiple Implementation\02.Multiple Implementation.csproj", "{3A213203-5DD8-4027-9F9C-FD3A551268C1}"
EndProject
Project("{9A19103F-16F7-4668-BE54-9A1E7A4F7556}") = "03.Ferrari", "03.Ferrari\03.Ferrari.csproj", "{953CA6BC-277A-49C8-82CD-CDD8CDFCFE8B}"
EndProject
Project("{9A19103F-16F7-4668-BE54-9A1E7A4F7556}") = "04.Telephony", "04.Telephony\04.Telephony.csproj", "{9B9B2F4E-2EE3-491A-B7D6-7670D1E201EF}"
EndProject
Project("{9A19103F-16F7-4668-BE54-9A1E7A4F7556}") = "05.Border Control", "05.Border Control\05.Border Control.csproj", "{716859F3-2AF1-4606-A6EB-3179BF6614C9}"
EndProject
Project("{9A19103F-16F7-4668-BE54-9A1E7A4F7556}") = "06.Birthday Celebration", "06.Birthday Celebration\06.Birthday Celebration.csproj", "{FEA73EA3-C7DD-4EDA-8FCC-5223A00BB3D5}"
EndProject
Project("{9A19103F-16F7-4668-BE54-9A1E7A4F7556}") = "07.Food Shortage", "07.Food Shortage\07.Food Shortage.csproj", "{4FBE130A-FF24-4C2B-8068-1C60479681C4}"
EndProject
Project("{9A19103F-16F7-4668-BE54-9A1E7A4F7556}") = "08.Military Elite", "08.Military Elite\08.Military Elite.csproj", "{4B3DB81F-2627-4B10-BA38-48891B8C2762}"
EndProject
Project("{9A19103F-16F7-4668-BE54-9A1E7A4F7556}") = "01.Define an Interface IPerson", "..\..\..\..\01.Define an Interface IPerson\01.Define an Interface IPerson.csproj", "{FFAAD98C-6589-40CA-9E3B-627D13A2E00C}"
EndProject
Global
	GlobalSection(SolutionConfigurationPlatforms) = preSolution
		Debug|Any CPU = Debug|Any CPU
		Release|Any CPU = Release|Any CPU
	EndGlobalSection
	GlobalSection(ProjectConfigurationPlatforms) = postSolution
		{3A213203-5DD8-4027-9F9C-FD3A551268C1}.Debug|Any CPU.ActiveCfg = Debug|Any CPU
		{3A213203-5DD8-4027-9F9C-FD3A551268C1}.Debug|Any CPU.Build.0 = Debug|Any CPU
		{3A213203-5DD8-4027-9F9C-FD3A551268C1}.Release|Any CPU.ActiveCfg = Release|Any CPU
		{3A213203-5DD8-4027-9F9C-FD3A551268C1}.Release|Any CPU.Build.0 = Release|Any CPU
		{953CA6BC-277A-49C8-82CD-CDD8CDFCFE8B}.Debug|Any CPU.ActiveCfg = Debug|Any CPU
		{953CA6BC-277A-49C8-82CD-CDD8CDFCFE8B}.Debug|Any CPU.Build.0 = Debug|Any CPU
		{953CA6BC-277A-49C8-82CD-CDD8CDFCFE8B}.Release|Any CPU.ActiveCfg = Release|Any CPU
		{953CA6BC-277A-49C8-82CD-CDD8CDFCFE8B}.Release|Any CPU.Build.0 = Release|Any CPU
		{9B9B2F4E-2EE3-491A-B7D6-7670D1E201EF}.Debug|Any CPU.ActiveCfg = Debug|Any CPU
		{9B9B2F4E-2EE3-491A-B7D6-7670D1E201EF}.Debug|Any CPU.Build.0 = Debug|Any CPU
		{9B9B2F4E-2EE3-491A-B7D6-7670D1E201EF}.Release|Any CPU.ActiveCfg = Release|Any CPU
		{9B9B2F4E-2EE3-491A-B7D6-7670D1E201EF}.Release|Any CPU.Build.0 = Release|Any CPU
		{716859F3-2AF1-4606-A6EB-3179BF6614C9}.Debug|Any CPU.ActiveCfg = Debug|Any CPU
		{716859F3-2AF1-4606-A6EB-3179BF6614C9}.Debug|Any CPU.Build.0 = Debug|Any CPU
		{716859F3-2AF1-4606-A6EB-3179BF6614C9}.Release|Any CPU.ActiveCfg = Release|Any CPU
		{716859F3-2AF1-4606-A6EB-3179BF6614C9}.Release|Any CPU.Build.0 = Release|Any CPU
		{FEA73EA3-C7DD-4EDA-8FCC-5223A00BB3D5}.Debug|Any CPU.ActiveCfg = Debug|Any CPU
		{FEA73EA3-C7DD-4EDA-8FCC-5223A00BB3D5}.Debug|Any CPU.Build.0 = Debug|Any CPU
		{FEA73EA3-C7DD-4EDA-8FCC-5223A00BB3D5}.Release|Any CPU.ActiveCfg = Release|Any CPU
		{FEA73EA3-C7DD-4EDA-8FCC-5223A00BB3D5}.Release|Any CPU.Build.0 = Release|Any CPU
		{4FBE130A-FF24-4C2B-8068-1C60479681C4}.Debug|Any CPU.ActiveCfg = Debug|Any CPU
		{4FBE130A-FF24-4C2B-8068-1C60479681C4}.Debug|Any CPU.Build.0 = Debug|Any CPU
		{4FBE130A-FF24-4C2B-8068-1C60479681C4}.Release|Any CPU.ActiveCfg = Release|Any CPU
		{4FBE130A-FF24-4C2B-8068-1C60479681C4}.Release|Any CPU.Build.0 = Release|Any CPU
		{4B3DB81F-2627-4B10-BA38-48891B8C2762}.Debug|Any CPU.ActiveCfg = Debug|Any CPU
		{4B3DB81F-2627-4B10-BA38-48891B8C2762}.Debug|Any CPU.Build.0 = Debug|Any CPU
		{4B3DB81F-2627-4B10-BA38-48891B8C2762}.Release|Any CPU.ActiveCfg = Release|Any CPU
		{4B3DB81F-2627-4B10-BA38-48891B8C2762}.Release|Any CPU.Build.0 = Release|Any CPU
		{FFAAD98C-6589-40CA-9E3B-627D13A2E00C}.Debug|Any CPU.ActiveCfg = Debug|Any CPU
		{FFAAD98C-6589-40CA-9E3B-627D13A2E00C}.Debug|Any CPU.Build.0 = Debug|Any CPU
		{FFAAD98C-6589-40CA-9E3B-627D13A2E00C}.Release|Any CPU.ActiveCfg = Release|Any CPU
		{FFAAD98C-6589-40CA-9E3B-627D13A2E00C}.Release|Any CPU.Build.0 = Release|Any CPU
	EndGlobalSection
	GlobalSection(SolutionProperties) = preSolution
		HideSolutionNode = FALSE
	EndGlobalSection
	GlobalSection(ExtensibilityGlobals) = postSolution
		SolutionGuid = {82B3994B-5CD9-45A8-9DED-9CE402E294EE}
	EndGlobalSection
EndGlobal
